
Microsoft Visual Studio Solution File, Format Version 12.00
# Visual Studio 2013
VisualStudioVersion = 12.0.31101.0
MinimumVisualStudioVersion = 10.0.40219.1
Project("{FAE04EC0-301F-11D3-BF4B-00C04F79EFBC}") = "JSON_WebAPI_Example", "JSON_WebAPI_Example\JSON_WebAPI_Example.csproj", "{11A0C695-7793-4F8E-B1EE-6161D4F0EC94}"
EndProject
Project("{FAE04EC0-301F-11D3-BF4B-00C04F79EFBC}") = "WcfService1", "WcfService1\WcfService1.csproj", "{6E361D9B-C69A-4599-989D-3950435AF253}"
EndProject
Global
	GlobalSection(SolutionConfigurationPlatforms) = preSolution
		Debug|Any CPU = Debug|Any CPU
		Release|Any CPU = Release|Any CPU
	EndGlobalSection
	GlobalSection(ProjectConfigurationPlatforms) = postSolution
		{11A0C695-7793-4F8E-B1EE-6161D4F0EC94}.Debug|Any CPU.ActiveCfg = Debug|Any CPU
		{11A0C695-7793-4F8E-B1EE-6161D4F0EC94}.Debug|Any CPU.Build.0 = Debug|Any CPU
		{11A0C695-7793-4F8E-B1EE-6161D4F0EC94}.Release|Any CPU.ActiveCfg = Release|Any CPU
		{11A0C695-7793-4F8E-B1EE-6161D4F0EC94}.Release|Any CPU.Build.0 = Release|Any CPU
		{6E361D9B-C69A-4599-989D-3950435AF253}.Debug|Any CPU.ActiveCfg = Debug|Any CPU
		{6E361D9B-C69A-4599-989D-3950435AF253}.Debug|Any CPU.Build.0 = Debug|Any CPU
		{6E361D9B-C69A-4599-989D-3950435AF253}.Release|Any CPU.ActiveCfg = Release|Any CPU
		{6E361D9B-C69A-4599-989D-3950435AF253}.Release|Any CPU.Build.0 = Release|Any CPU
	EndGlobalSection
	GlobalSection(SolutionProperties) = preSolution
		HideSolutionNode = FALSE
	EndGlobalSection
EndGlobal
